{
  "pins" : [
    {
      "identity" : "bubesprinter",
      "kind" : "remoteSourceControl",
      "location" : "https://github.com/ljubomirjankovikjhtecgroup/BubesPrinter.git",
      "state" : {
        "revision" : "a1e5ee258561bd169511a9cb6168c2d08dfffe25",
        "version" : "0.0.6"
      }
    }
  ],
  "version" : 2
}
