{
  "pins" : [
    {
      "identity" : "bubesprinter",
      "kind" : "remoteSourceControl",
      "location" : "https://github.com/ljubomirjankovikjhtecgroup/BubesPrinter.git",
      "state" : {
        "revision" : "42746394fcbf2b2f9ccf0726e200d953def2dc43",
        "version" : "0.0.7"
      }
    }
  ],
  "version" : 2
}
