{
  "pins" : [
    {
      "identity" : "bubesprinter",
      "kind" : "remoteSourceControl",
      "location" : "https://github.com/ljubomirjankovikjhtecgroup/BubesPrinter.git",
      "state" : {
        "revision" : "f285ca4bfdcd4c640de497598bc6b4c545d9498b",
        "version" : "0.0.3"
      }
    }
  ],
  "version" : 2
}
